
Microsoft Visual Studio Solution File, Format Version 12.00
# Visual Studio 2012
Project("{8BC9CEB8-8B4A-11D0-8D11-00A0C91BC942}") = "Project1", "Project1\Project1.vcxproj", "{116273B2-5FAE-40AC-941B-18843B42A765}"
EndProject
Project("{8BC9CEB8-8B4A-11D0-8D11-00A0C91BC942}") = "WinSock1", "WinSock1\WinSock1.vcxproj", "{88416C07-7173-4597-8E27-00D4001EC12E}"
EndProject
Project("{8BC9CEB8-8B4A-11D0-8D11-00A0C91BC942}") = "NetStuff", "NetStuff\NetStuff.vcxproj", "{0CFF9DEF-44E3-4364-8BAC-0567B511BFB6}"
EndProject
Project("{8BC9CEB8-8B4A-11D0-8D11-00A0C91BC942}") = "NetStuffTest", "UnitTest1\UnitTest1.vcxproj", "{D01E1CB4-9457-42ED-943F-F36C4FD8078B}"
EndProject
Global
	GlobalSection(SolutionConfigurationPlatforms) = preSolution
		Debug|Win32 = Debug|Win32
		Release|Win32 = Release|Win32
	EndGlobalSection
	GlobalSection(ProjectConfigurationPlatforms) = postSolution
		{116273B2-5FAE-40AC-941B-18843B42A765}.Debug|Win32.ActiveCfg = Debug|Win32
		{116273B2-5FAE-40AC-941B-18843B42A765}.Debug|Win32.Build.0 = Debug|Win32
		{116273B2-5FAE-40AC-941B-18843B42A765}.Release|Win32.ActiveCfg = Release|Win32
		{116273B2-5FAE-40AC-941B-18843B42A765}.Release|Win32.Build.0 = Release|Win32
		{88416C07-7173-4597-8E27-00D4001EC12E}.Debug|Win32.ActiveCfg = Debug|Win32
		{88416C07-7173-4597-8E27-00D4001EC12E}.Debug|Win32.Build.0 = Debug|Win32
		{88416C07-7173-4597-8E27-00D4001EC12E}.Release|Win32.ActiveCfg = Release|Win32
		{88416C07-7173-4597-8E27-00D4001EC12E}.Release|Win32.Build.0 = Release|Win32
		{0CFF9DEF-44E3-4364-8BAC-0567B511BFB6}.Debug|Win32.ActiveCfg = Debug|Win32
		{0CFF9DEF-44E3-4364-8BAC-0567B511BFB6}.Debug|Win32.Build.0 = Debug|Win32
		{0CFF9DEF-44E3-4364-8BAC-0567B511BFB6}.Release|Win32.ActiveCfg = Release|Win32
		{0CFF9DEF-44E3-4364-8BAC-0567B511BFB6}.Release|Win32.Build.0 = Release|Win32
		{D01E1CB4-9457-42ED-943F-F36C4FD8078B}.Debug|Win32.ActiveCfg = Debug|Win32
		{D01E1CB4-9457-42ED-943F-F36C4FD8078B}.Debug|Win32.Build.0 = Debug|Win32
		{D01E1CB4-9457-42ED-943F-F36C4FD8078B}.Release|Win32.ActiveCfg = Release|Win32
		{D01E1CB4-9457-42ED-943F-F36C4FD8078B}.Release|Win32.Build.0 = Release|Win32
	EndGlobalSection
	GlobalSection(SolutionProperties) = preSolution
		HideSolutionNode = FALSE
	EndGlobalSection
EndGlobal
